
Microsoft Visual Studio Solution File, Format Version 12.00
# Visual Studio 15
VisualStudioVersion = 15.0.27428.2037
MinimumVisualStudioVersion = 10.0.40219.1
Project("{8BC9CEB8-8B4A-11D0-8D11-00A0C91BC942}") = "BullCowGame", "BullCowGame\BullCowGame.vcxproj", "{8B81A98C-CF5D-4FD7-BC32-967DE691DA67}"
EndProject
Global
	GlobalSection(SolutionConfigurationPlatforms) = preSolution
		Debug|x64 = Debug|x64
		Debug|x86 = Debug|x86
		Release|x64 = Release|x64
		Release|x86 = Release|x86
	EndGlobalSection
	GlobalSection(ProjectConfigurationPlatforms) = postSolution
		{8B81A98C-CF5D-4FD7-BC32-967DE691DA67}.Debug|x64.ActiveCfg = Debug|x64
		{8B81A98C-CF5D-4FD7-BC32-967DE691DA67}.Debug|x64.Build.0 = Debug|x64
		{8B81A98C-CF5D-4FD7-BC32-967DE691DA67}.Debug|x86.ActiveCfg = Debug|Win32
		{8B81A98C-CF5D-4FD7-BC32-967DE691DA67}.Debug|x86.Build.0 = Debug|Win32
		{8B81A98C-CF5D-4FD7-BC32-967DE691DA67}.Release|x64.ActiveCfg = Release|x64
		{8B81A98C-CF5D-4FD7-BC32-967DE691DA67}.Release|x64.Build.0 = Release|x64
		{8B81A98C-CF5D-4FD7-BC32-967DE691DA67}.Release|x86.ActiveCfg = Release|Win32
		{8B81A98C-CF5D-4FD7-BC32-967DE691DA67}.Release|x86.Build.0 = Release|Win32
	EndGlobalSection
	GlobalSection(SolutionProperties) = preSolution
		HideSolutionNode = FALSE
	EndGlobalSection
	GlobalSection(ExtensibilityGlobals) = postSolution
		SolutionGuid = {137EA580-3DD7-46D1-86E0-D8DA7E2760D1}
	EndGlobalSection
EndGlobal
